// !$*UTF8*$!
{
	archiveVersion = 1;
	classes = {
	};
	objectVersion = 46;
	objects = {

/* Begin PBXBuildFile section */
		38F1F7DA1E80FFC8007AA06B /* main.m in Sources */ = {isa = PBXBuildFile; fileRef = 38F1F7D91E80FFC8007AA06B /* main.m */; };
		38F1F7DD1E80FFC8007AA06B /* AppDelegate.m in Sources */ = {isa = PBXBuildFile; fileRef = 38F1F7DC1E80FFC8007AA06B /* AppDelegate.m */; };
		38F1F7E01E80FFC8007AA06B /* ViewController.m in Sources */ = {isa = PBXBuildFile; fileRef = 38F1F7DF1E80FFC8007AA06B /* ViewController.m */; };
		38F1F7E31E80FFC8007AA06B /* Main.storyboard in Resources */ = {isa = PBXBuildFile; fileRef = 38F1F7E11E80FFC8007AA06B /* Main.storyboard */; };
		38F1F7E51E80FFC8007AA06B /* Assets.xcassets in Resources */ = {isa = PBXBuildFile; fileRef = 38F1F7E41E80FFC8007AA06B /* Assets.xcassets */; };
		38F1F7E81E80FFC8007AA06B /* LaunchScreen.storyboard in Resources */ = {isa = PBXBuildFile; fileRef = 38F1F7E61E80FFC8007AA06B /* LaunchScreen.storyboard */; };
		38F1F7F81E810379007AA06B /* UIColor+ColorHelper.m in Sources */ = {isa = PBXBuildFile; fileRef = 38F1F7F71E810379007AA06B /* UIColor+ColorHelper.m */; };
		38F1F8161E8109A7007AA06B /* HomeViewController.m in Sources */ = {isa = PBXBuildFile; fileRef = 38F1F8071E8109A7007AA06B /* HomeViewController.m */; };
		38F1F8171E8109A7007AA06B /* DynamicViewController.m in Sources */ = {isa = PBXBuildFile; fileRef = 38F1F80A1E8109A7007AA06B /* DynamicViewController.m */; };
		38F1F8181E8109A7007AA06B /* ADTabBar.m in Sources */ = {isa = PBXBuildFile; fileRef = 38F1F80D1E8109A7007AA06B /* ADTabBar.m */; };
		38F1F8191E8109A7007AA06B /* ADTabBarController.m in Sources */ = {isa = PBXBuildFile; fileRef = 38F1F80F1E8109A7007AA06B /* ADTabBarController.m */; };
		38F1F81A1E8109A7007AA06B /* MessageViewController.m in Sources */ = {isa = PBXBuildFile; fileRef = 38F1F8121E8109A7007AA06B /* MessageViewController.m */; };
		38F1F81B1E8109A7007AA06B /* MineViewController.m in Sources */ = {isa = PBXBuildFile; fileRef = 38F1F8151E8109A7007AA06B /* MineViewController.m */; };
		38F1F8211E81124F007AA06B /* ADAnimationView.m in Sources */ = {isa = PBXBuildFile; fileRef = 38F1F8201E81124F007AA06B /* ADAnimationView.m */; };
		C0FFA6D04D39F306D6D322DE /* libPods-TabBarDemo.a in Frameworks */ = {isa = PBXBuildFile; fileRef = 06619F7AEC8E1E8ECC199A50 /* libPods-TabBarDemo.a */; };
/* End PBXBuildFile section */

/* Begin PBXFileReference section */
		06619F7AEC8E1E8ECC199A50 /* libPods-TabBarDemo.a */ = {isa = PBXFileReference; explicitFileType = archive.ar; includeInIndex = 0; path = "libPods-TabBarDemo.a"; sourceTree = BUILT_PRODUCTS_DIR; };
		0FF9709529F0D9A621034C69 /* Pods-TabBarDemo.release.xcconfig */ = {isa = PBXFileReference; includeInIndex = 1; lastKnownFileType = text.xcconfig; name = "Pods-TabBarDemo.release.xcconfig"; path = "Pods/Target Support Files/Pods-TabBarDemo/Pods-TabBarDemo.release.xcconfig"; sourceTree = "<group>"; };
		38F1F7D51E80FFC8007AA06B /* TabBarDemo.app */ = {isa = PBXFileReference; explicitFileType = wrapper.application; includeInIndex = 0; path = TabBarDemo.app; sourceTree = BUILT_PRODUCTS_DIR; };
		38F1F7D91E80FFC8007AA06B /* main.m */ = {isa = PBXFileReference; lastKnownFileType = sourcecode.c.objc; path = main.m; sourceTree = "<group>"; };
		38F1F7DB1E80FFC8007AA06B /* AppDelegate.h */ = {isa = PBXFileReference; lastKnownFileType = sourcecode.c.h; path = AppDelegate.h; sourceTree = "<group>"; };
		38F1F7DC1E80FFC8007AA06B /* AppDelegate.m */ = {isa = PBXFileReference; lastKnownFileType = sourcecode.c.objc; path = AppDelegate.m; sourceTree = "<group>"; };
		38F1F7DE1E80FFC8007AA06B /* ViewController.h */ = {isa = PBXFileReference; lastKnownFileType = sourcecode.c.h; path = ViewController.h; sourceTree = "<group>"; };
		38F1F7DF1E80FFC8007AA06B /* ViewController.m */ = {isa = PBXFileReference; lastKnownFileType = sourcecode.c.objc; path = ViewController.m; sourceTree = "<group>"; };
		38F1F7E21E80FFC8007AA06B /* Base */ = {isa = PBXFileReference; lastKnownFileType = file.storyboard; name = Base; path = Base.lproj/Main.storyboard; sourceTree = "<group>"; };
		38F1F7E41E80FFC8007AA06B /* Assets.xcassets */ = {isa = PBXFileReference; lastKnownFileType = folder.assetcatalog; path = Assets.xcassets; sourceTree = "<group>"; };
		38F1F7E71E80FFC8007AA06B /* Base */ = {isa = PBXFileReference; lastKnownFileType = file.storyboard; name = Base; path = Base.lproj/LaunchScreen.storyboard; sourceTree = "<group>"; };
		38F1F7E91E80FFC8007AA06B /* Info.plist */ = {isa = PBXFileReference; lastKnownFileType = text.plist.xml; path = Info.plist; sourceTree = "<group>"; };
		38F1F7F61E810379007AA06B /* UIColor+ColorHelper.h */ = {isa = PBXFileReference; fileEncoding = 4; lastKnownFileType = sourcecode.c.h; path = "UIColor+ColorHelper.h"; sourceTree = "<group>"; };
		38F1F7F71E810379007AA06B /* UIColor+ColorHelper.m */ = {isa = PBXFileReference; fileEncoding = 4; lastKnownFileType = sourcecode.c.objc; path = "UIColor+ColorHelper.m"; sourceTree = "<group>"; };
		38F1F8061E8109A7007AA06B /* HomeViewController.h */ = {isa = PBXFileReference; fileEncoding = 4; lastKnownFileType = sourcecode.c.h; path = HomeViewController.h; sourceTree = "<group>"; };
		38F1F8071E8109A7007AA06B /* HomeViewController.m */ = {isa = PBXFileReference; fileEncoding = 4; lastKnownFileType = sourcecode.c.objc; path = HomeViewController.m; sourceTree = "<group>"; };
		38F1F8091E8109A7007AA06B /* DynamicViewController.h */ = {isa = PBXFileReference; fileEncoding = 4; lastKnownFileType = sourcecode.c.h; path = DynamicViewController.h; sourceTree = "<group>"; };
		38F1F80A1E8109A7007AA06B /* DynamicViewController.m */ = {isa = PBXFileReference; fileEncoding = 4; lastKnownFileType = sourcecode.c.objc; path = DynamicViewController.m; sourceTree = "<group>"; };
		38F1F80C1E8109A7007AA06B /* ADTabBar.h */ = {isa = PBXFileReference; fileEncoding = 4; lastKnownFileType = sourcecode.c.h; path = ADTabBar.h; sourceTree = "<group>"; };
		38F1F80D1E8109A7007AA06B /* ADTabBar.m */ = {isa = PBXFileReference; fileEncoding = 4; lastKnownFileType = sourcecode.c.objc; path = ADTabBar.m; sourceTree = "<group>"; };
		38F1F80E1E8109A7007AA06B /* ADTabBarController.h */ = {isa = PBXFileReference; fileEncoding = 4; lastKnownFileType = sourcecode.c.h; path = ADTabBarController.h; sourceTree = "<group>"; };
		38F1F80F1E8109A7007AA06B /* ADTabBarController.m */ = {isa = PBXFileReference; fileEncoding = 4; lastKnownFileType = sourcecode.c.objc; path = ADTabBarController.m; sourceTree = "<group>"; };
		38F1F8111E8109A7007AA06B /* MessageViewController.h */ = {isa = PBXFileReference; fileEncoding = 4; lastKnownFileType = sourcecode.c.h; path = MessageViewController.h; sourceTree = "<group>"; };
		38F1F8121E8109A7007AA06B /* MessageViewController.m */ = {isa = PBXFileReference; fileEncoding = 4; lastKnownFileType = sourcecode.c.objc; path = MessageViewController.m; sourceTree = "<group>"; };
		38F1F8141E8109A7007AA06B /* MineViewController.h */ = {isa = PBXFileReference; fileEncoding = 4; lastKnownFileType = sourcecode.c.h; path = MineViewController.h; sourceTree = "<group>"; };
		38F1F8151E8109A7007AA06B /* MineViewController.m */ = {isa = PBXFileReference; fileEncoding = 4; lastKnownFileType = sourcecode.c.objc; path = MineViewController.m; sourceTree = "<group>"; };
		38F1F81F1E81124F007AA06B /* ADAnimationView.h */ = {isa = PBXFileReference; fileEncoding = 4; lastKnownFileType = sourcecode.c.h; path = ADAnimationView.h; sourceTree = "<group>"; };
		38F1F8201E81124F007AA06B /* ADAnimationView.m */ = {isa = PBXFileReference; fileEncoding = 4; lastKnownFileType = sourcecode.c.objc; path = ADAnimationView.m; sourceTree = "<group>"; };
		38F1F86A1E812492007AA06B /* CoreGraphics.framework */ = {isa = PBXFileReference; lastKnownFileType = wrapper.framework; name = CoreGraphics.framework; path = System/Library/Frameworks/CoreGraphics.framework; sourceTree = SDKROOT; };
		38F1F86C1E81249C007AA06B /* UIKit.framework */ = {isa = PBXFileReference; lastKnownFileType = wrapper.framework; name = UIKit.framework; path = System/Library/Frameworks/UIKit.framework; sourceTree = SDKROOT; };
		38F1F86E1E8124A3007AA06B /* Foundation.framework */ = {isa = PBXFileReference; lastKnownFileType = wrapper.framework; name = Foundation.framework; path = System/Library/Frameworks/Foundation.framework; sourceTree = SDKROOT; };
		C2A981DF6F4D335D41066D27 /* Pods-TabBarDemo.debug.xcconfig */ = {isa = PBXFileReference; includeInIndex = 1; lastKnownFileType = text.xcconfig; name = "Pods-TabBarDemo.debug.xcconfig"; path = "Pods/Target Support Files/Pods-TabBarDemo/Pods-TabBarDemo.debug.xcconfig"; sourceTree = "<group>"; };
/* End PBXFileReference section */

/* Begin PBXFrameworksBuildPhase section */
		38F1F7D21E80FFC8007AA06B /* Frameworks */ = {
			isa = PBXFrameworksBuildPhase;
			buildActionMask = 2147483647;
			files = (
				C0FFA6D04D39F306D6D322DE /* libPods-TabBarDemo.a in Frameworks */,
			);
			runOnlyForDeploymentPostprocessing = 0;
		};
/* End PBXFrameworksBuildPhase section */

/* Begin PBXGroup section */
		38F1F7CC1E80FFC8007AA06B = {
			isa = PBXGroup;
			children = (
				38F1F7D71E80FFC8007AA06B /* TabBarDemo */,
				38F1F7D61E80FFC8007AA06B /* Products */,
				38F1F8691E812492007AA06B /* Frameworks */,
				CB562EE64643D3718DAC3E2D /* Pods */,
			);
			sourceTree = "<group>";
		};
		38F1F7D61E80FFC8007AA06B /* Products */ = {
			isa = PBXGroup;
			children = (
				38F1F7D51E80FFC8007AA06B /* TabBarDemo.app */,
			);
			name = Products;
			sourceTree = "<group>";
		};
		38F1F7D71E80FFC8007AA06B /* TabBarDemo */ = {
			isa = PBXGroup;
			children = (
				38F1F80B1E8109A7007AA06B /* MainTabBarController */,
				38F1F7F51E810379007AA06B /* UIColorHelper */,
				38F1F8051E8109A7007AA06B /* Home */,
				38F1F8081E8109A7007AA06B /* Dynamic */,
				38F1F8101E8109A7007AA06B /* Message */,
				38F1F8131E8109A7007AA06B /* Mine */,
				38F1F7DB1E80FFC8007AA06B /* AppDelegate.h */,
				38F1F7DC1E80FFC8007AA06B /* AppDelegate.m */,
				38F1F7DE1E80FFC8007AA06B /* ViewController.h */,
				38F1F7DF1E80FFC8007AA06B /* ViewController.m */,
				38F1F7E11E80FFC8007AA06B /* Main.storyboard */,
				38F1F7E41E80FFC8007AA06B /* Assets.xcassets */,
				38F1F7E61E80FFC8007AA06B /* LaunchScreen.storyboard */,
				38F1F7E91E80FFC8007AA06B /* Info.plist */,
				38F1F7D81E80FFC8007AA06B /* Supporting Files */,
			);
			path = TabBarDemo;
			sourceTree = "<group>";
		};
		38F1F7D81E80FFC8007AA06B /* Supporting Files */ = {
			isa = PBXGroup;
			children = (
				38F1F7D91E80FFC8007AA06B /* main.m */,
			);
			name = "Supporting Files";
			sourceTree = "<group>";
		};
		38F1F7F51E810379007AA06B /* UIColorHelper */ = {
			isa = PBXGroup;
			children = (
				38F1F7F61E810379007AA06B /* UIColor+ColorHelper.h */,
				38F1F7F71E810379007AA06B /* UIColor+ColorHelper.m */,
			);
			path = UIColorHelper;
			sourceTree = "<group>";
		};
		38F1F8051E8109A7007AA06B /* Home */ = {
			isa = PBXGroup;
			children = (
				38F1F8061E8109A7007AA06B /* HomeViewController.h */,
				38F1F8071E8109A7007AA06B /* HomeViewController.m */,
			);
			path = Home;
			sourceTree = "<group>";
		};
		38F1F8081E8109A7007AA06B /* Dynamic */ = {
			isa = PBXGroup;
			children = (
				38F1F8091E8109A7007AA06B /* DynamicViewController.h */,
				38F1F80A1E8109A7007AA06B /* DynamicViewController.m */,
			);
			path = Dynamic;
			sourceTree = "<group>";
		};
		38F1F80B1E8109A7007AA06B /* MainTabBarController */ = {
			isa = PBXGroup;
			children = (
				38F1F80C1E8109A7007AA06B /* ADTabBar.h */,
				38F1F80D1E8109A7007AA06B /* ADTabBar.m */,
				38F1F80E1E8109A7007AA06B /* ADTabBarController.h */,
				38F1F80F1E8109A7007AA06B /* ADTabBarController.m */,
				38F1F81F1E81124F007AA06B /* ADAnimationView.h */,
				38F1F8201E81124F007AA06B /* ADAnimationView.m */,
			);
			path = MainTabBarController;
			sourceTree = "<group>";
		};
		38F1F8101E8109A7007AA06B /* Message */ = {
			isa = PBXGroup;
			children = (
				38F1F8111E8109A7007AA06B /* MessageViewController.h */,
				38F1F8121E8109A7007AA06B /* MessageViewController.m */,
			);
			path = Message;
			sourceTree = "<group>";
		};
		38F1F8131E8109A7007AA06B /* Mine */ = {
			isa = PBXGroup;
			children = (
				38F1F8141E8109A7007AA06B /* MineViewController.h */,
				38F1F8151E8109A7007AA06B /* MineViewController.m */,
			);
			path = Mine;
			sourceTree = "<group>";
		};
		38F1F8691E812492007AA06B /* Frameworks */ = {
			isa = PBXGroup;
			children = (
				38F1F86E1E8124A3007AA06B /* Foundation.framework */,
				38F1F86C1E81249C007AA06B /* UIKit.framework */,
				38F1F86A1E812492007AA06B /* CoreGraphics.framework */,
				06619F7AEC8E1E8ECC199A50 /* libPods-TabBarDemo.a */,
			);
			name = Frameworks;
			sourceTree = "<group>";
		};
		CB562EE64643D3718DAC3E2D /* Pods */ = {
			isa = PBXGroup;
			children = (
				C2A981DF6F4D335D41066D27 /* Pods-TabBarDemo.debug.xcconfig */,
				0FF9709529F0D9A621034C69 /* Pods-TabBarDemo.release.xcconfig */,
			);
			name = Pods;
			sourceTree = "<group>";
		};
/* End PBXGroup section */

/* Begin PBXNativeTarget section */
		38F1F7D41E80FFC8007AA06B /* TabBarDemo */ = {
			isa = PBXNativeTarget;
			buildConfigurationList = 38F1F7EC1E80FFC8007AA06B /* Build configuration list for PBXNativeTarget "TabBarDemo" */;
			buildPhases = (
				74BC84C5E95CC42A297A6A62 /* [CP] Check Pods Manifest.lock */,
				38F1F7D11E80FFC8007AA06B /* Sources */,
				38F1F7D21E80FFC8007AA06B /* Frameworks */,
				38F1F7D31E80FFC8007AA06B /* Resources */,
				FFDA997A38D142EA7805ECC7 /* [CP] Embed Pods Frameworks */,
				4B0BE6980FC693D91DFC691A /* [CP] Copy Pods Resources */,
			);
			buildRules = (
			);
			dependencies = (
			);
			name = TabBarDemo;
			productName = TabBarDemo;
			productReference = 38F1F7D51E80FFC8007AA06B /* TabBarDemo.app */;
			productType = "com.apple.product-type.application";
		};
/* End PBXNativeTarget section */

/* Begin PBXProject section */
		38F1F7CD1E80FFC8007AA06B /* Project object */ = {
			isa = PBXProject;
			attributes = {
				LastUpgradeCheck = 0820;
				ORGANIZATIONNAME = cesar;
				TargetAttributes = {
					38F1F7D41E80FFC8007AA06B = {
						CreatedOnToolsVersion = 8.2.1;
						DevelopmentTeam = LLN33448E2;
						ProvisioningStyle = Automatic;
					};
				};
			};
			buildConfigurationList = 38F1F7D01E80FFC8007AA06B /* Build configuration list for PBXProject "TabBarDemo" */;
			compatibilityVersion = "Xcode 3.2";
			developmentRegion = English;
			hasScannedForEncodings = 0;
			knownRegions = (
				en,
				Base,
			);
			mainGroup = 38F1F7CC1E80FFC8007AA06B;
			productRefGroup = 38F1F7D61E80FFC8007AA06B /* Products */;
			projectDirPath = "";
			projectRoot = "";
			targets = (
				38F1F7D41E80FFC8007AA06B /* TabBarDemo */,
			);
		};
/* End PBXProject section */

/* Begin PBXResourcesBuildPhase section */
		38F1F7D31E80FFC8007AA06B /* Resources */ = {
			isa = PBXResourcesBuildPhase;
			buildActionMask = 2147483647;
			files = (
				38F1F7E81E80FFC8007AA06B /* LaunchScreen.storyboard in Resources */,
				38F1F7E51E80FFC8007AA06B /* Assets.xcassets in Resources */,
				38F1F7E31E80FFC8007AA06B /* Main.storyboard in Resources */,
			);
			runOnlyForDeploymentPostprocessing = 0;
		};
/* End PBXResourcesBuildPhase section */

/* Begin PBXShellScriptBuildPhase section */
		4B0BE6980FC693D91DFC691A /* [CP] Copy Pods Resources */ = {
			isa = PBXShellScriptBuildPhase;
			buildActionMask = 2147483647;
			files = (
			);
			inputPaths = (
			);
			name = "[CP] Copy Pods Resources";
			outputPaths = (
			);
			runOnlyForDeploymentPostprocessing = 0;
			shellPath = /bin/sh;
			shellScript = "\"${SRCROOT}/Pods/Target Support Files/Pods-TabBarDemo/Pods-TabBarDemo-resources.sh\"\n";
			showEnvVarsInLog = 0;
		};
		74BC84C5E95CC42A297A6A62 /* [CP] Check Pods Manifest.lock */ = {
			isa = PBXShellScriptBuildPhase;
			buildActionMask = 2147483647;
			files = (
			);
			inputPaths = (
			);
			name = "[CP] Check Pods Manifest.lock";
			outputPaths = (
			);
			runOnlyForDeploymentPostprocessing = 0;
			shellPath = /bin/sh;
			shellScript = "diff \"${PODS_ROOT}/../Podfile.lock\" \"${PODS_ROOT}/Manifest.lock\" > /dev/null\nif [ $? != 0 ] ; then\n    # print error to STDERR\n    echo \"error: The sandbox is not in sync with the Podfile.lock. Run 'pod install' or update your CocoaPods installation.\" >&2\n    exit 1\nfi\n";
			showEnvVarsInLog = 0;
		};
		FFDA997A38D142EA7805ECC7 /* [CP] Embed Pods Frameworks */ = {
			isa = PBXShellScriptBuildPhase;
			buildActionMask = 2147483647;
			files = (
			);
			inputPaths = (
			);
			name = "[CP] Embed Pods Frameworks";
			outputPaths = (
			);
			runOnlyForDeploymentPostprocessing = 0;
			shellPath = /bin/sh;
			shellScript = "\"${SRCROOT}/Pods/Target Support Files/Pods-TabBarDemo/Pods-TabBarDemo-frameworks.sh\"\n";
			showEnvVarsInLog = 0;
		};
/* End PBXShellScriptBuildPhase section */

/* Begin PBXSourcesBuildPhase section */
		38F1F7D11E80FFC8007AA06B /* Sources */ = {
			isa = PBXSourcesBuildPhase;
			buildActionMask = 2147483647;
			files = (
				38F1F8171E8109A7007AA06B /* DynamicViewController.m in Sources */,
				38F1F7F81E810379007AA06B /* UIColor+ColorHelper.m in Sources */,
				38F1F8211E81124F007AA06B /* ADAnimationView.m in Sources */,
				38F1F7E01E80FFC8007AA06B /* ViewController.m in Sources */,
				38F1F7DD1E80FFC8007AA06B /* AppDelegate.m in Sources */,
				38F1F8191E8109A7007AA06B /* ADTabBarController.m in Sources */,
				38F1F8181E8109A7007AA06B /* ADTabBar.m in Sources */,
				38F1F81A1E8109A7007AA06B /* MessageViewController.m in Sources */,
				38F1F81B1E8109A7007AA06B /* MineViewController.m in Sources */,
				38F1F8161E8109A7007AA06B /* HomeViewController.m in Sources */,
				38F1F7DA1E80FFC8007AA06B /* main.m in Sources */,
			);
			runOnlyForDeploymentPostprocessing = 0;
		};
/* End PBXSourcesBuildPhase section */

/* Begin PBXVariantGroup section */
		38F1F7E11E80FFC8007AA06B /* Main.storyboard */ = {
			isa = PBXVariantGroup;
			children = (
				38F1F7E21E80FFC8007AA06B /* Base */,
			);
			name = Main.storyboard;
			sourceTree = "<group>";
		};
		38F1F7E61E80FFC8007AA06B /* LaunchScreen.storyboard */ = {
			isa = PBXVariantGroup;
			children = (
				38F1F7E71E80FFC8007AA06B /* Base */,
			);
			name = LaunchScreen.storyboard;
			sourceTree = "<group>";
		};
/* End PBXVariantGroup section */

/* Begin XCBuildConfiguration section */
		38F1F7EA1E80FFC8007AA06B /* Debug */ = {
			isa = XCBuildConfiguration;
			buildSettings = {
				ALWAYS_SEARCH_USER_PATHS = NO;
				CLANG_ANALYZER_NONNULL = YES;
				CLANG_CXX_LANGUAGE_STANDARD = "gnu++0x";
				CLANG_CXX_LIBRARY = "libc++";
				CLANG_ENABLE_MODULES = YES;
				CLANG_ENABLE_OBJC_ARC = YES;
				CLANG_WARN_BOOL_CONVERSION = YES;
				CLANG_WARN_CONSTANT_CONVERSION = YES;
				CLANG_WARN_DIRECT_OBJC_ISA_USAGE = YES_ERROR;
				CLANG_WARN_DOCUMENTATION_COMMENTS = YES;
				CLANG_WARN_EMPTY_BODY = YES;
				CLANG_WARN_ENUM_CONVERSION = YES;
				CLANG_WARN_INFINITE_RECURSION = YES;
				CLANG_WARN_INT_CONVERSION = YES;
				CLANG_WARN_OBJC_ROOT_CLASS = YES_ERROR;
				CLANG_WARN_SUSPICIOUS_MOVE = YES;
				CLANG_WARN_UNREACHABLE_CODE = YES;
				CLANG_WARN__DUPLICATE_METHOD_MATCH = YES;
				"CODE_SIGN_IDENTITY[sdk=iphoneos*]" = "iPhone Developer";
				COPY_PHASE_STRIP = NO;
				DEBUG_INFORMATION_FORMAT = dwarf;
				ENABLE_STRICT_OBJC_MSGSEND = YES;
				ENABLE_TESTABILITY = YES;
				GCC_C_LANGUAGE_STANDARD = gnu99;
				GCC_DYNAMIC_NO_PIC = NO;
				GCC_NO_COMMON_BLOCKS = YES;
				GCC_OPTIMIZATION_LEVEL = 0;
				GCC_PREPROCESSOR_DEFINITIONS = (
					"DEBUG=1",
					"$(inherited)",
				);
				GCC_WARN_64_TO_32_BIT_CONVERSION = YES;
				GCC_WARN_ABOUT_RETURN_TYPE = YES_ERROR;
				GCC_WARN_UNDECLARED_SELECTOR = YES;
				GCC_WARN_UNINITIALIZED_AUTOS = YES_AGGRESSIVE;
				GCC_WARN_UNUSED_FUNCTION = YES;
				GCC_WARN_UNUSED_VARIABLE = YES;
				IPHONEOS_DEPLOYMENT_TARGET = 10.2;
				MTL_ENABLE_DEBUG_INFO = YES;
				ONLY_ACTIVE_ARCH = YES;
				SDKROOT = iphoneos;
			};
			name = Debug;
		};
		38F1F7EB1E80FFC8007AA06B /* Release */ = {
			isa = XCBuildConfiguration;
			buildSettings = {
				ALWAYS_SEARCH_USER_PATHS = NO;
				CLANG_ANALYZER_NONNULL = YES;
				CLANG_CXX_LANGUAGE_STANDARD = "gnu++0x";
				CLANG_CXX_LIBRARY = "libc++";
				CLANG_ENABLE_MODULES = YES;
				CLANG_ENABLE_OBJC_ARC = YES;
				CLANG_WARN_BOOL_CONVERSION = YES;
				CLANG_WARN_CONSTANT_CONVERSION = YES;
				CLANG_WARN_DIRECT_OBJC_ISA_USAGE = YES_ERROR;
				CLANG_WARN_DOCUMENTATION_COMMENTS = YES;
				CLANG_WARN_EMPTY_BODY = YES;
				CLANG_WARN_ENUM_CONVERSION = YES;
				CLANG_WARN_INFINITE_RECURSION = YES;
				CLANG_WARN_INT_CONVERSION = YES;
				CLANG_WARN_OBJC_ROOT_CLASS = YES_ERROR;
				CLANG_WARN_SUSPICIOUS_MOVE = YES;
				CLANG_WARN_UNREACHABLE_CODE = YES;
				CLANG_WARN__DUPLICATE_METHOD_MATCH = YES;
				"CODE_SIGN_IDENTITY[sdk=iphoneos*]" = "iPhone Developer";
				COPY_PHASE_STRIP = NO;
				DEBUG_INFORMATION_FORMAT = "dwarf-with-dsym";
				ENABLE_NS_ASSERTIONS = NO;
				ENABLE_STRICT_OBJC_MSGSEND = YES;
				GCC_C_LANGUAGE_STANDARD = gnu99;
				GCC_NO_COMMON_BLOCKS = YES;
				GCC_WARN_64_TO_32_BIT_CONVERSION = YES;
				GCC_WARN_ABOUT_RETURN_TYPE = YES_ERROR;
				GCC_WARN_UNDECLARED_SELECTOR = YES;
				GCC_WARN_UNINITIALIZED_AUTOS = YES_AGGRESSIVE;
				GCC_WARN_UNUSED_FUNCTION = YES;
				GCC_WARN_UNUSED_VARIABLE = YES;
				IPHONEOS_DEPLOYMENT_TARGET = 10.2;
				MTL_ENABLE_DEBUG_INFO = NO;
				SDKROOT = iphoneos;
				VALIDATE_PRODUCT = YES;
			};
			name = Release;
		};
		38F1F7ED1E80FFC8007AA06B /* Debug */ = {
			isa = XCBuildConfiguration;
			baseConfigurationReference = C2A981DF6F4D335D41066D27 /* Pods-TabBarDemo.debug.xcconfig */;
			buildSettings = {
				ASSETCATALOG_COMPILER_APPICON_NAME = AppIcon;
				DEVELOPMENT_TEAM = LLN33448E2;
				INFOPLIST_FILE = TabBarDemo/Info.plist;
				LD_RUNPATH_SEARCH_PATHS = "$(inherited) @executable_path/Frameworks";
				PRODUCT_BUNDLE_IDENTIFIER = com.cesar.TabBarDemo;
				PRODUCT_NAME = "$(TARGET_NAME)";
			};
			name = Debug;
		};
		38F1F7EE1E80FFC8007AA06B /* Release */ = {
			isa = XCBuildConfiguration;
			baseConfigurationReference = 0FF9709529F0D9A621034C69 /* Pods-TabBarDemo.release.xcconfig */;
			buildSettings = {
				ASSETCATALOG_COMPILER_APPICON_NAME = AppIcon;
				DEVELOPMENT_TEAM = LLN33448E2;
				INFOPLIST_FILE = TabBarDemo/Info.plist;
				LD_RUNPATH_SEARCH_PATHS = "$(inherited) @executable_path/Frameworks";
				PRODUCT_BUNDLE_IDENTIFIER = com.cesar.TabBarDemo;
				PRODUCT_NAME = "$(TARGET_NAME)";
			};
			name = Release;
		};
/* End XCBuildConfiguration section */

/* Begin XCConfigurationList section */
		38F1F7D01E80FFC8007AA06B /* Build configuration list for PBXProject "TabBarDemo" */ = {
			isa = XCConfigurationList;
			buildConfigurations = (
				38F1F7EA1E80FFC8007AA06B /* Debug */,
				38F1F7EB1E80FFC8007AA06B /* Release */,
			);
			defaultConfigurationIsVisible = 0;
			defaultConfigurationName = Release;
		};
		38F1F7EC1E80FFC8007AA06B /* Build configuration list for PBXNativeTarget "TabBarDemo" */ = {
			isa = XCConfigurationList;
			buildConfigurations = (
				38F1F7ED1E80FFC8007AA06B /* Debug */,
				38F1F7EE1E80FFC8007AA06B /* Release */,
			);
			defaultConfigurationIsVisible = 0;
			defaultConfigurationName = Release;
		};
/* End XCConfigurationList section */
	};
	rootObject = 38F1F7CD1E80FFC8007AA06B /* Project object */;
}
